
Microsoft Visual Studio Solution File, Format Version 12.00
# Visual Studio Version 16
VisualStudioVersion = 16.0.31911.196
MinimumVisualStudioVersion = 10.0.40219.1
Project("{FAE04EC0-301F-11D3-BF4B-00C04F79EFBC}") = "Task2DEC23", "Task2DEC23\Task2DEC23.csproj", "{666BF0F8-8E03-4003-95AB-40E882EF40D3}"
EndProject
Global
	GlobalSection(SolutionConfigurationPlatforms) = preSolution
		Debug|Any CPU = Debug|Any CPU
		Release|Any CPU = Release|Any CPU
	EndGlobalSection
	GlobalSection(ProjectConfigurationPlatforms) = postSolution
		{666BF0F8-8E03-4003-95AB-40E882EF40D3}.Debug|Any CPU.ActiveCfg = Debug|Any CPU
		{666BF0F8-8E03-4003-95AB-40E882EF40D3}.Debug|Any CPU.Build.0 = Debug|Any CPU
		{666BF0F8-8E03-4003-95AB-40E882EF40D3}.Release|Any CPU.ActiveCfg = Release|Any CPU
		{666BF0F8-8E03-4003-95AB-40E882EF40D3}.Release|Any CPU.Build.0 = Release|Any CPU
	EndGlobalSection
	GlobalSection(SolutionProperties) = preSolution
		HideSolutionNode = FALSE
	EndGlobalSection
	GlobalSection(ExtensibilityGlobals) = postSolution
		SolutionGuid = {84E80BD2-8007-4AD7-B406-1319BB9DD2B1}
	EndGlobalSection
EndGlobal
