
Microsoft Visual Studio Solution File, Format Version 12.00
# Visual Studio Version 16
VisualStudioVersion = 16.0.31911.196
MinimumVisualStudioVersion = 10.0.40219.1
Project("{FAE04EC0-301F-11D3-BF4B-00C04F79EFBC}") = "DArray-1", "DArray-1\DArray-1.csproj", "{B994C472-7BC7-48FD-9F92-A81B04780575}"
EndProject
Global
	GlobalSection(SolutionConfigurationPlatforms) = preSolution
		Debug|Any CPU = Debug|Any CPU
		Release|Any CPU = Release|Any CPU
	EndGlobalSection
	GlobalSection(ProjectConfigurationPlatforms) = postSolution
		{B994C472-7BC7-48FD-9F92-A81B04780575}.Debug|Any CPU.ActiveCfg = Debug|Any CPU
		{B994C472-7BC7-48FD-9F92-A81B04780575}.Debug|Any CPU.Build.0 = Debug|Any CPU
		{B994C472-7BC7-48FD-9F92-A81B04780575}.Release|Any CPU.ActiveCfg = Release|Any CPU
		{B994C472-7BC7-48FD-9F92-A81B04780575}.Release|Any CPU.Build.0 = Release|Any CPU
	EndGlobalSection
	GlobalSection(SolutionProperties) = preSolution
		HideSolutionNode = FALSE
	EndGlobalSection
	GlobalSection(ExtensibilityGlobals) = postSolution
		SolutionGuid = {A3825539-BC4A-4A4A-B466-1CC5FA8A7043}
	EndGlobalSection
EndGlobal
