
Microsoft Visual Studio Solution File, Format Version 12.00
# Visual Studio Version 16
VisualStudioVersion = 16.0.31911.196
MinimumVisualStudioVersion = 10.0.40219.1
Project("{FAE04EC0-301F-11D3-BF4B-00C04F79EFBC}") = "List-3", "List-3\List-3.csproj", "{77D220DD-BDD8-4E4C-809D-D2FF715CDDC4}"
EndProject
Global
	GlobalSection(SolutionConfigurationPlatforms) = preSolution
		Debug|Any CPU = Debug|Any CPU
		Release|Any CPU = Release|Any CPU
	EndGlobalSection
	GlobalSection(ProjectConfigurationPlatforms) = postSolution
		{77D220DD-BDD8-4E4C-809D-D2FF715CDDC4}.Debug|Any CPU.ActiveCfg = Debug|Any CPU
		{77D220DD-BDD8-4E4C-809D-D2FF715CDDC4}.Debug|Any CPU.Build.0 = Debug|Any CPU
		{77D220DD-BDD8-4E4C-809D-D2FF715CDDC4}.Release|Any CPU.ActiveCfg = Release|Any CPU
		{77D220DD-BDD8-4E4C-809D-D2FF715CDDC4}.Release|Any CPU.Build.0 = Release|Any CPU
	EndGlobalSection
	GlobalSection(SolutionProperties) = preSolution
		HideSolutionNode = FALSE
	EndGlobalSection
	GlobalSection(ExtensibilityGlobals) = postSolution
		SolutionGuid = {048E6028-A475-40C9-BD23-5F94500C0288}
	EndGlobalSection
EndGlobal
